# THIS IS AN AUTOGENERATED FILE. DO NOT EDIT THIS FILE DIRECTLY.
# yarn lockfile v1


bootstrap@^5.1.0:
  version "5.1.0"
  resolved "https://registry.yarnpkg.com/bootstrap/-/bootstrap-5.1.0.tgz#543ef8f44f4b9af67b0230f19508542fec38ef55"
  integrity sha512-bs74WNI9BgBo3cEovmdMHikSKoXnDgA6VQjJ7TyTotU6L7d41ZyCEEelPwkYEzsG/Zjv3ie9IE3EMAje0W9Xew==

jquery@^3.6.0:
  version "3.6.0"
  resolved "https://registry.yarnpkg.com/jquery/-/jquery-3.6.0.tgz#c72a09f15c1bdce142f49dbf1170bdf8adac2470"
  integrity sha512-JVzAR/AjBvVt2BmYhxRCSYysDsPcssdmTFnzyLEts9qNwmjmu4JTAMYubEfwVOSwpQ1I1sKKFcxhZCI2buerfw==

tether@^2.0.0:
  version "2.0.0"
  resolved "https://registry.yarnpkg.com/tether/-/tether-2.0.0.tgz#8ccb03992e71e2e913e6b1d4feb6be8cb49a4f79"
  integrity sha512-iAkyBhwILpLIvkwzO5w5WUBtpYwxvzLRTO+sbzF3Uy7X4zznsy73v2b4sOQHXE3CQHeSNtB/YMU2Nn9tocbeBQ==
